
Microsoft Visual Studio Solution File, Format Version 12.00
# Visual Studio Version 17
VisualStudioVersion = 17.5.33627.172
MinimumVisualStudioVersion = 10.0.40219.1
Project("{FAE04EC0-301F-11D3-BF4B-00C04F79EFBC}") = "DeviceSdkDemo.Console", "DeviceSdkDemo.Console\DeviceSdkDemo.Console.csproj", "{97087C1C-CFA1-4C2C-852D-A6A3313254BC}"
EndProject
Project("{FAE04EC0-301F-11D3-BF4B-00C04F79EFBC}") = "DeviceSdkDemo.Device", "DeviceSdkDemo.Device\DeviceSdkDemo.Device.csproj", "{9A4BC54B-8418-44FC-BEF9-C6A01FEA0C33}"
EndProject
Project("{FAE04EC0-301F-11D3-BF4B-00C04F79EFBC}") = "Shared", "..\Shared\Shared.csproj", "{6311C115-D585-51B9-BEA0-07373A03268A}"
EndProject
Global
	GlobalSection(SolutionConfigurationPlatforms) = preSolution
		Debug|Any CPU = Debug|Any CPU
		Release|Any CPU = Release|Any CPU
	EndGlobalSection
	GlobalSection(ProjectConfigurationPlatforms) = postSolution
		{97087C1C-CFA1-4C2C-852D-A6A3313254BC}.Debug|Any CPU.ActiveCfg = Debug|Any CPU
		{97087C1C-CFA1-4C2C-852D-A6A3313254BC}.Debug|Any CPU.Build.0 = Debug|Any CPU
		{97087C1C-CFA1-4C2C-852D-A6A3313254BC}.Release|Any CPU.ActiveCfg = Release|Any CPU
		{97087C1C-CFA1-4C2C-852D-A6A3313254BC}.Release|Any CPU.Build.0 = Release|Any CPU
		{9A4BC54B-8418-44FC-BEF9-C6A01FEA0C33}.Debug|Any CPU.ActiveCfg = Debug|Any CPU
		{9A4BC54B-8418-44FC-BEF9-C6A01FEA0C33}.Debug|Any CPU.Build.0 = Debug|Any CPU
		{9A4BC54B-8418-44FC-BEF9-C6A01FEA0C33}.Release|Any CPU.ActiveCfg = Release|Any CPU
		{9A4BC54B-8418-44FC-BEF9-C6A01FEA0C33}.Release|Any CPU.Build.0 = Release|Any CPU
		{6311C115-D585-51B9-BEA0-07373A03268A}.Debug|Any CPU.ActiveCfg = Debug|Any CPU
		{6311C115-D585-51B9-BEA0-07373A03268A}.Debug|Any CPU.Build.0 = Debug|Any CPU
		{6311C115-D585-51B9-BEA0-07373A03268A}.Release|Any CPU.ActiveCfg = Release|Any CPU
		{6311C115-D585-51B9-BEA0-07373A03268A}.Release|Any CPU.Build.0 = Release|Any CPU
	EndGlobalSection
	GlobalSection(SolutionProperties) = preSolution
		HideSolutionNode = FALSE
	EndGlobalSection
	GlobalSection(ExtensibilityGlobals) = postSolution
		SolutionGuid = {DC48C08A-33E4-4C8F-A572-F9DA9C2CAF8C}
	EndGlobalSection
EndGlobal
