
Microsoft Visual Studio Solution File, Format Version 12.00
# Visual Studio Version 17
VisualStudioVersion = 17.5.33627.172
MinimumVisualStudioVersion = 10.0.40219.1
Project("{FAE04EC0-301F-11D3-BF4B-00C04F79EFBC}") = "ServiceSdkDemo.Console", "ServiceSdkDemo.Console\ServiceSdkDemo.Console.csproj", "{06A4CD52-6B75-4542-A778-F13C9A8F1C75}"
EndProject
Project("{FAE04EC0-301F-11D3-BF4B-00C04F79EFBC}") = "ServiceSdkDemo.Lib", "ServiceSdkDemo.Lib\ServiceSdkDemo.Lib.csproj", "{85F777B8-4892-47C4-A920-FFB736D8B7F3}"
EndProject
Project("{FAE04EC0-301F-11D3-BF4B-00C04F79EFBC}") = "Shared", "..\Shared\Shared.csproj", "{6311C115-D585-51B9-BEA0-07373A03268A}"
EndProject
Global
	GlobalSection(SolutionConfigurationPlatforms) = preSolution
		Debug|Any CPU = Debug|Any CPU
		Release|Any CPU = Release|Any CPU
	EndGlobalSection
	GlobalSection(ProjectConfigurationPlatforms) = postSolution
		{06A4CD52-6B75-4542-A778-F13C9A8F1C75}.Debug|Any CPU.ActiveCfg = Debug|Any CPU
		{06A4CD52-6B75-4542-A778-F13C9A8F1C75}.Debug|Any CPU.Build.0 = Debug|Any CPU
		{06A4CD52-6B75-4542-A778-F13C9A8F1C75}.Release|Any CPU.ActiveCfg = Release|Any CPU
		{06A4CD52-6B75-4542-A778-F13C9A8F1C75}.Release|Any CPU.Build.0 = Release|Any CPU
		{85F777B8-4892-47C4-A920-FFB736D8B7F3}.Debug|Any CPU.ActiveCfg = Debug|Any CPU
		{85F777B8-4892-47C4-A920-FFB736D8B7F3}.Debug|Any CPU.Build.0 = Debug|Any CPU
		{85F777B8-4892-47C4-A920-FFB736D8B7F3}.Release|Any CPU.ActiveCfg = Release|Any CPU
		{85F777B8-4892-47C4-A920-FFB736D8B7F3}.Release|Any CPU.Build.0 = Release|Any CPU
		{6311C115-D585-51B9-BEA0-07373A03268A}.Debug|Any CPU.ActiveCfg = Debug|Any CPU
		{6311C115-D585-51B9-BEA0-07373A03268A}.Debug|Any CPU.Build.0 = Debug|Any CPU
		{6311C115-D585-51B9-BEA0-07373A03268A}.Release|Any CPU.ActiveCfg = Release|Any CPU
		{6311C115-D585-51B9-BEA0-07373A03268A}.Release|Any CPU.Build.0 = Release|Any CPU
	EndGlobalSection
	GlobalSection(SolutionProperties) = preSolution
		HideSolutionNode = FALSE
	EndGlobalSection
	GlobalSection(ExtensibilityGlobals) = postSolution
		SolutionGuid = {5A40870F-967C-497A-8978-5FE241E79BF3}
	EndGlobalSection
EndGlobal
