
Microsoft Visual Studio Solution File, Format Version 12.00
# Visual Studio Version 17
VisualStudioVersion = 17.13.35825.156 d17.13
MinimumVisualStudioVersion = 10.0.40219.1
Project("{FAE04EC0-301F-11D3-BF4B-00C04F79EFBC}") = "Console", "Console\Console.csproj", "{0BD1DF24-13E2-4770-9C3D-A5FB4C303551}"
EndProject
Project("{FAE04EC0-301F-11D3-BF4B-00C04F79EFBC}") = "Lib", "Lib\Lib.csproj", "{760237AC-00FC-4D32-9886-3BCDFD07E136}"
EndProject
Global
	GlobalSection(SolutionConfigurationPlatforms) = preSolution
		Debug|Any CPU = Debug|Any CPU
		Release|Any CPU = Release|Any CPU
	EndGlobalSection
	GlobalSection(ProjectConfigurationPlatforms) = postSolution
		{0BD1DF24-13E2-4770-9C3D-A5FB4C303551}.Debug|Any CPU.ActiveCfg = Debug|Any CPU
		{0BD1DF24-13E2-4770-9C3D-A5FB4C303551}.Debug|Any CPU.Build.0 = Debug|Any CPU
		{0BD1DF24-13E2-4770-9C3D-A5FB4C303551}.Release|Any CPU.ActiveCfg = Release|Any CPU
		{0BD1DF24-13E2-4770-9C3D-A5FB4C303551}.Release|Any CPU.Build.0 = Release|Any CPU
		{760237AC-00FC-4D32-9886-3BCDFD07E136}.Debug|Any CPU.ActiveCfg = Debug|Any CPU
		{760237AC-00FC-4D32-9886-3BCDFD07E136}.Debug|Any CPU.Build.0 = Debug|Any CPU
		{760237AC-00FC-4D32-9886-3BCDFD07E136}.Release|Any CPU.ActiveCfg = Release|Any CPU
		{760237AC-00FC-4D32-9886-3BCDFD07E136}.Release|Any CPU.Build.0 = Release|Any CPU
	EndGlobalSection
	GlobalSection(SolutionProperties) = preSolution
		HideSolutionNode = FALSE
	EndGlobalSection
	GlobalSection(ExtensibilityGlobals) = postSolution
		SolutionGuid = {3C524636-A83E-4909-B009-94B08FEE2D96}
	EndGlobalSection
EndGlobal
