
Microsoft Visual Studio Solution File, Format Version 12.00
# Visual Studio Version 17
VisualStudioVersion = 17.5.33627.172
MinimumVisualStudioVersion = 10.0.40219.1
Project("{FAE04EC0-301F-11D3-BF4B-00C04F79EFBC}") = "ServiceBusDemo.Receiver", "ServiceBusDemo.Receiver\ServiceBusDemo.Receiver.csproj", "{58DDD485-060B-46C7-AE0F-A7BC13A3AB06}"
EndProject
Project("{FAE04EC0-301F-11D3-BF4B-00C04F79EFBC}") = "ServiceBusDemo.Sender", "ServiceBusDemo.Sender\ServiceBusDemo.Sender.csproj", "{43A519A9-F295-4B2B-8C18-516BAD949ACE}"
EndProject
Project("{FAE04EC0-301F-11D3-BF4B-00C04F79EFBC}") = "Shared", "..\Shared\Shared.csproj", "{6311C115-D585-51B9-BEA0-07373A03268A}"
EndProject
Global
	GlobalSection(SolutionConfigurationPlatforms) = preSolution
		Debug|Any CPU = Debug|Any CPU
		Release|Any CPU = Release|Any CPU
	EndGlobalSection
	GlobalSection(ProjectConfigurationPlatforms) = postSolution
		{58DDD485-060B-46C7-AE0F-A7BC13A3AB06}.Debug|Any CPU.ActiveCfg = Debug|Any CPU
		{58DDD485-060B-46C7-AE0F-A7BC13A3AB06}.Debug|Any CPU.Build.0 = Debug|Any CPU
		{58DDD485-060B-46C7-AE0F-A7BC13A3AB06}.Release|Any CPU.ActiveCfg = Release|Any CPU
		{58DDD485-060B-46C7-AE0F-A7BC13A3AB06}.Release|Any CPU.Build.0 = Release|Any CPU
		{43A519A9-F295-4B2B-8C18-516BAD949ACE}.Debug|Any CPU.ActiveCfg = Debug|Any CPU
		{43A519A9-F295-4B2B-8C18-516BAD949ACE}.Debug|Any CPU.Build.0 = Debug|Any CPU
		{43A519A9-F295-4B2B-8C18-516BAD949ACE}.Release|Any CPU.ActiveCfg = Release|Any CPU
		{43A519A9-F295-4B2B-8C18-516BAD949ACE}.Release|Any CPU.Build.0 = Release|Any CPU
		{6311C115-D585-51B9-BEA0-07373A03268A}.Debug|Any CPU.ActiveCfg = Debug|Any CPU
		{6311C115-D585-51B9-BEA0-07373A03268A}.Debug|Any CPU.Build.0 = Debug|Any CPU
		{6311C115-D585-51B9-BEA0-07373A03268A}.Release|Any CPU.ActiveCfg = Release|Any CPU
		{6311C115-D585-51B9-BEA0-07373A03268A}.Release|Any CPU.Build.0 = Release|Any CPU
	EndGlobalSection
	GlobalSection(SolutionProperties) = preSolution
		HideSolutionNode = FALSE
	EndGlobalSection
	GlobalSection(ExtensibilityGlobals) = postSolution
		SolutionGuid = {82BE9B45-F155-44A6-97FD-92C69C6E0069}
	EndGlobalSection
EndGlobal
