
Microsoft Visual Studio Solution File, Format Version 12.00
# Visual Studio Version 17
VisualStudioVersion = 17.13.35825.156 d17.13
MinimumVisualStudioVersion = 10.0.40219.1
Project("{FAE04EC0-301F-11D3-BF4B-00C04F79EFBC}") = "DeviceSdkTest", "DeviceSdkTest\DeviceSdkTest.csproj", "{FA5A06F3-9237-4605-85CE-65451DAD5EE7}"
EndProject
Project("{FAE04EC0-301F-11D3-BF4B-00C04F79EFBC}") = "Device", "Device\Device.csproj", "{F31D4D84-91FB-4989-BB8B-0E06D11287A1}"
EndProject
Global
	GlobalSection(SolutionConfigurationPlatforms) = preSolution
		Debug|Any CPU = Debug|Any CPU
		Release|Any CPU = Release|Any CPU
	EndGlobalSection
	GlobalSection(ProjectConfigurationPlatforms) = postSolution
		{FA5A06F3-9237-4605-85CE-65451DAD5EE7}.Debug|Any CPU.ActiveCfg = Debug|Any CPU
		{FA5A06F3-9237-4605-85CE-65451DAD5EE7}.Debug|Any CPU.Build.0 = Debug|Any CPU
		{FA5A06F3-9237-4605-85CE-65451DAD5EE7}.Release|Any CPU.ActiveCfg = Release|Any CPU
		{FA5A06F3-9237-4605-85CE-65451DAD5EE7}.Release|Any CPU.Build.0 = Release|Any CPU
		{F31D4D84-91FB-4989-BB8B-0E06D11287A1}.Debug|Any CPU.ActiveCfg = Debug|Any CPU
		{F31D4D84-91FB-4989-BB8B-0E06D11287A1}.Debug|Any CPU.Build.0 = Debug|Any CPU
		{F31D4D84-91FB-4989-BB8B-0E06D11287A1}.Release|Any CPU.ActiveCfg = Release|Any CPU
		{F31D4D84-91FB-4989-BB8B-0E06D11287A1}.Release|Any CPU.Build.0 = Release|Any CPU
	EndGlobalSection
	GlobalSection(SolutionProperties) = preSolution
		HideSolutionNode = FALSE
	EndGlobalSection
	GlobalSection(ExtensibilityGlobals) = postSolution
		SolutionGuid = {2A198E71-0144-42D6-A86E-E7B7783C60AD}
	EndGlobalSection
EndGlobal
