
Microsoft Visual Studio Solution File, Format Version 12.00
# Visual Studio Version 17
VisualStudioVersion = 17.14.36109.1 d17.14
MinimumVisualStudioVersion = 10.0.40219.1
Project("{FAE04EC0-301F-11D3-BF4B-00C04F79EFBC}") = "StorageQueueSender", "StorageQueueSender\StorageQueueSender.csproj", "{716847FC-AA50-4237-BA2F-C1EDB09EDD33}"
EndProject
Project("{FAE04EC0-301F-11D3-BF4B-00C04F79EFBC}") = "StorageQueueReceiver", "StorageQueueReceiver\StorageQueueReceiver.csproj", "{4DA6729E-B8C2-45D8-9BF7-A46CDA5C9E14}"
EndProject
Global
	GlobalSection(SolutionConfigurationPlatforms) = preSolution
		Debug|Any CPU = Debug|Any CPU
		Release|Any CPU = Release|Any CPU
	EndGlobalSection
	GlobalSection(ProjectConfigurationPlatforms) = postSolution
		{716847FC-AA50-4237-BA2F-C1EDB09EDD33}.Debug|Any CPU.ActiveCfg = Debug|Any CPU
		{716847FC-AA50-4237-BA2F-C1EDB09EDD33}.Debug|Any CPU.Build.0 = Debug|Any CPU
		{716847FC-AA50-4237-BA2F-C1EDB09EDD33}.Release|Any CPU.ActiveCfg = Release|Any CPU
		{716847FC-AA50-4237-BA2F-C1EDB09EDD33}.Release|Any CPU.Build.0 = Release|Any CPU
		{4DA6729E-B8C2-45D8-9BF7-A46CDA5C9E14}.Debug|Any CPU.ActiveCfg = Debug|Any CPU
		{4DA6729E-B8C2-45D8-9BF7-A46CDA5C9E14}.Debug|Any CPU.Build.0 = Debug|Any CPU
		{4DA6729E-B8C2-45D8-9BF7-A46CDA5C9E14}.Release|Any CPU.ActiveCfg = Release|Any CPU
		{4DA6729E-B8C2-45D8-9BF7-A46CDA5C9E14}.Release|Any CPU.Build.0 = Release|Any CPU
	EndGlobalSection
	GlobalSection(SolutionProperties) = preSolution
		HideSolutionNode = FALSE
	EndGlobalSection
	GlobalSection(ExtensibilityGlobals) = postSolution
		SolutionGuid = {57A2B5EB-5E30-49E6-B1E1-27B7FAC9A0E8}
	EndGlobalSection
EndGlobal
